
Microsoft Visual Studio Solution File, Format Version 12.00
# Visual Studio Version 17
VisualStudioVersion = 17.0.31710.8
MinimumVisualStudioVersion = 10.0.40219.1
Project("{9A19103F-16F7-4668-BE54-9A1E7A4F7556}") = "MVC app main", "MVC app main.csproj", "{6E5079AE-9212-48E4-B54C-1F7FF767B249}"
EndProject
Project("{FAE04EC0-301F-11D3-BF4B-00C04F79EFBC}") = "SaveDataDB", "..\SaveDataDB\SaveDataDB.csproj", "{901B1AD1-907C-4B93-87B6-75A66D779D0A}"
EndProject
Global
	GlobalSection(SolutionConfigurationPlatforms) = preSolution
		Debug|Any CPU = Debug|Any CPU
		Release|Any CPU = Release|Any CPU
	EndGlobalSection
	GlobalSection(ProjectConfigurationPlatforms) = postSolution
		{6E5079AE-9212-48E4-B54C-1F7FF767B249}.Debug|Any CPU.ActiveCfg = Debug|Any CPU
		{6E5079AE-9212-48E4-B54C-1F7FF767B249}.Debug|Any CPU.Build.0 = Debug|Any CPU
		{6E5079AE-9212-48E4-B54C-1F7FF767B249}.Release|Any CPU.ActiveCfg = Release|Any CPU
		{6E5079AE-9212-48E4-B54C-1F7FF767B249}.Release|Any CPU.Build.0 = Release|Any CPU
		{901B1AD1-907C-4B93-87B6-75A66D779D0A}.Debug|Any CPU.ActiveCfg = Debug|Any CPU
		{901B1AD1-907C-4B93-87B6-75A66D779D0A}.Debug|Any CPU.Build.0 = Debug|Any CPU
		{901B1AD1-907C-4B93-87B6-75A66D779D0A}.Release|Any CPU.ActiveCfg = Release|Any CPU
		{901B1AD1-907C-4B93-87B6-75A66D779D0A}.Release|Any CPU.Build.0 = Release|Any CPU
	EndGlobalSection
	GlobalSection(SolutionProperties) = preSolution
		HideSolutionNode = FALSE
	EndGlobalSection
	GlobalSection(ExtensibilityGlobals) = postSolution
		SolutionGuid = {D96968A4-43CE-4330-BEAC-516EAA9055FF}
	EndGlobalSection
EndGlobal
